
Microsoft Visual Studio Solution File, Format Version 12.00
# Visual Studio Version 17
VisualStudioVersion = 17.6.33815.320
MinimumVisualStudioVersion = 10.0.40219.1
Project("{FAE04EC0-301F-11D3-BF4B-00C04F79EFBC}") = "GithubHostTest", "GithubHostTest\GithubHostTest.csproj", "{735F8D59-D0BA-4E7F-96B6-8B4A21DDE6BC}"
EndProject
Global
	GlobalSection(SolutionConfigurationPlatforms) = preSolution
		Debug|Any CPU = Debug|Any CPU
		Release|Any CPU = Release|Any CPU
	EndGlobalSection
	GlobalSection(ProjectConfigurationPlatforms) = postSolution
		{735F8D59-D0BA-4E7F-96B6-8B4A21DDE6BC}.Debug|Any CPU.ActiveCfg = Debug|Any CPU
		{735F8D59-D0BA-4E7F-96B6-8B4A21DDE6BC}.Debug|Any CPU.Build.0 = Debug|Any CPU
		{735F8D59-D0BA-4E7F-96B6-8B4A21DDE6BC}.Release|Any CPU.ActiveCfg = Release|Any CPU
		{735F8D59-D0BA-4E7F-96B6-8B4A21DDE6BC}.Release|Any CPU.Build.0 = Release|Any CPU
	EndGlobalSection
	GlobalSection(SolutionProperties) = preSolution
		HideSolutionNode = FALSE
	EndGlobalSection
	GlobalSection(ExtensibilityGlobals) = postSolution
		SolutionGuid = {FC1B50AC-6626-4323-BD45-A794D2C3A4B0}
	EndGlobalSection
EndGlobal
